
Microsoft Visual Studio Solution File, Format Version 12.00
# Visual Studio Version 16
VisualStudioVersion = 16.0.31729.503
MinimumVisualStudioVersion = 10.0.40219.1
Project("{9A19103F-16F7-4668-BE54-9A1E7A4F7556}") = "WebApplication1.Server", "WebApplication1\Server\WebApplication1.Server.csproj", "{DB5EC187-71C0-4C5C-969B-A208CB2EEF46}"
EndProject
Project("{9A19103F-16F7-4668-BE54-9A1E7A4F7556}") = "WebApplication1.Client", "WebApplication1\Client\WebApplication1.Client.csproj", "{976EF18B-D40F-4AC2-B195-BC142CD60D2F}"
EndProject
Project("{9A19103F-16F7-4668-BE54-9A1E7A4F7556}") = "WebApplication1.Shared", "WebApplication1\Shared\WebApplication1.Shared.csproj", "{3A8765CF-4A10-45E7-9454-ACE53A22EB1D}"
EndProject
Global
	GlobalSection(SolutionConfigurationPlatforms) = preSolution
		Debug|Any CPU = Debug|Any CPU
		Release|Any CPU = Release|Any CPU
	EndGlobalSection
	GlobalSection(ProjectConfigurationPlatforms) = postSolution
		{DB5EC187-71C0-4C5C-969B-A208CB2EEF46}.Debug|Any CPU.ActiveCfg = Debug|Any CPU
		{DB5EC187-71C0-4C5C-969B-A208CB2EEF46}.Debug|Any CPU.Build.0 = Debug|Any CPU
		{DB5EC187-71C0-4C5C-969B-A208CB2EEF46}.Release|Any CPU.ActiveCfg = Release|Any CPU
		{DB5EC187-71C0-4C5C-969B-A208CB2EEF46}.Release|Any CPU.Build.0 = Release|Any CPU
		{976EF18B-D40F-4AC2-B195-BC142CD60D2F}.Debug|Any CPU.ActiveCfg = Debug|Any CPU
		{976EF18B-D40F-4AC2-B195-BC142CD60D2F}.Debug|Any CPU.Build.0 = Debug|Any CPU
		{976EF18B-D40F-4AC2-B195-BC142CD60D2F}.Release|Any CPU.ActiveCfg = Release|Any CPU
		{976EF18B-D40F-4AC2-B195-BC142CD60D2F}.Release|Any CPU.Build.0 = Release|Any CPU
		{3A8765CF-4A10-45E7-9454-ACE53A22EB1D}.Debug|Any CPU.ActiveCfg = Debug|Any CPU
		{3A8765CF-4A10-45E7-9454-ACE53A22EB1D}.Debug|Any CPU.Build.0 = Debug|Any CPU
		{3A8765CF-4A10-45E7-9454-ACE53A22EB1D}.Release|Any CPU.ActiveCfg = Release|Any CPU
		{3A8765CF-4A10-45E7-9454-ACE53A22EB1D}.Release|Any CPU.Build.0 = Release|Any CPU
	EndGlobalSection
	GlobalSection(SolutionProperties) = preSolution
		HideSolutionNode = FALSE
	EndGlobalSection
	GlobalSection(ExtensibilityGlobals) = postSolution
		SolutionGuid = {6CAFABBA-926E-4750-B7DA-3AF7884686CB}
	EndGlobalSection
EndGlobal
